// !$*UTF8*$!
{
	archiveVersion = 1;
	classes = {
	};
	objectVersion = 50;
	objects = {

/* Begin PBXBuildFile section */
		CE1ABB502111845800B8A97C /* Meal.swift in Sources */ = {isa = PBXBuildFile; fileRef = CE1ABB4F2111845800B8A97C /* Meal.swift */; };
		CE1ABB522111887200B8A97C /* MealTableViewCell.swift in Sources */ = {isa = PBXBuildFile; fileRef = CE1ABB512111887200B8A97C /* MealTableViewCell.swift */; };
		CE1ABB5421118C7600B8A97C /* MealTableViewController.swift in Sources */ = {isa = PBXBuildFile; fileRef = CE1ABB5321118C7600B8A97C /* MealTableViewController.swift */; };
		CE30038A210EE73D00436224 /* AppDelegate.swift in Sources */ = {isa = PBXBuildFile; fileRef = CE300389210EE73D00436224 /* AppDelegate.swift */; };
		CE30038C210EE73D00436224 /* ViewController.swift in Sources */ = {isa = PBXBuildFile; fileRef = CE30038B210EE73D00436224 /* ViewController.swift */; };
		CE30038F210EE73D00436224 /* Main.storyboard in Resources */ = {isa = PBXBuildFile; fileRef = CE30038D210EE73D00436224 /* Main.storyboard */; };
		CE300391210EE74400436224 /* Assets.xcassets in Resources */ = {isa = PBXBuildFile; fileRef = CE300390210EE74400436224 /* Assets.xcassets */; };
		CE300394210EE74400436224 /* LaunchScreen.storyboard in Resources */ = {isa = PBXBuildFile; fileRef = CE300392210EE74400436224 /* LaunchScreen.storyboard */; };
		CE49209C21101F1C00932EC6 /* RatingControl.swift in Sources */ = {isa = PBXBuildFile; fileRef = CE49209B21101F1C00932EC6 /* RatingControl.swift */; };
/* End PBXBuildFile section */

/* Begin PBXFileReference section */
		CE1ABB4F2111845800B8A97C /* Meal.swift */ = {isa = PBXFileReference; lastKnownFileType = sourcecode.swift; path = Meal.swift; sourceTree = "<group>"; };
		CE1ABB512111887200B8A97C /* MealTableViewCell.swift */ = {isa = PBXFileReference; lastKnownFileType = sourcecode.swift; path = MealTableViewCell.swift; sourceTree = "<group>"; };
		CE1ABB5321118C7600B8A97C /* MealTableViewController.swift */ = {isa = PBXFileReference; lastKnownFileType = sourcecode.swift; path = MealTableViewController.swift; sourceTree = "<group>"; };
		CE300386210EE73D00436224 /* Basic UI.app */ = {isa = PBXFileReference; explicitFileType = wrapper.application; includeInIndex = 0; path = "Basic UI.app"; sourceTree = BUILT_PRODUCTS_DIR; };
		CE300389210EE73D00436224 /* AppDelegate.swift */ = {isa = PBXFileReference; lastKnownFileType = sourcecode.swift; path = AppDelegate.swift; sourceTree = "<group>"; };
		CE30038B210EE73D00436224 /* ViewController.swift */ = {isa = PBXFileReference; lastKnownFileType = sourcecode.swift; path = ViewController.swift; sourceTree = "<group>"; };
		CE30038E210EE73D00436224 /* Base */ = {isa = PBXFileReference; lastKnownFileType = file.storyboard; name = Base; path = Base.lproj/Main.storyboard; sourceTree = "<group>"; };
		CE300390210EE74400436224 /* Assets.xcassets */ = {isa = PBXFileReference; lastKnownFileType = folder.assetcatalog; path = Assets.xcassets; sourceTree = "<group>"; };
		CE300393210EE74400436224 /* Base */ = {isa = PBXFileReference; lastKnownFileType = file.storyboard; name = Base; path = Base.lproj/LaunchScreen.storyboard; sourceTree = "<group>"; };
		CE300395210EE74400436224 /* Info.plist */ = {isa = PBXFileReference; lastKnownFileType = text.plist.xml; path = Info.plist; sourceTree = "<group>"; };
		CE49209B21101F1C00932EC6 /* RatingControl.swift */ = {isa = PBXFileReference; lastKnownFileType = sourcecode.swift; path = RatingControl.swift; sourceTree = "<group>"; };
/* End PBXFileReference section */

/* Begin PBXFrameworksBuildPhase section */
		CE300383210EE73D00436224 /* Frameworks */ = {
			isa = PBXFrameworksBuildPhase;
			buildActionMask = 2147483647;
			files = (
			);
			runOnlyForDeploymentPostprocessing = 0;
		};
/* End PBXFrameworksBuildPhase section */

/* Begin PBXGroup section */
		CE30037D210EE73D00436224 = {
			isa = PBXGroup;
			children = (
				CE300388210EE73D00436224 /* Basic UI */,
				CE300387210EE73D00436224 /* Products */,
			);
			sourceTree = "<group>";
		};
		CE300387210EE73D00436224 /* Products */ = {
			isa = PBXGroup;
			children = (
				CE300386210EE73D00436224 /* Basic UI.app */,
			);
			name = Products;
			sourceTree = "<group>";
		};
		CE300388210EE73D00436224 /* Basic UI */ = {
			isa = PBXGroup;
			children = (
				CE300389210EE73D00436224 /* AppDelegate.swift */,
				CE30038B210EE73D00436224 /* ViewController.swift */,
				CE1ABB4F2111845800B8A97C /* Meal.swift */,
				CE1ABB512111887200B8A97C /* MealTableViewCell.swift */,
				CE1ABB5321118C7600B8A97C /* MealTableViewController.swift */,
				CE49209B21101F1C00932EC6 /* RatingControl.swift */,
				CE30038D210EE73D00436224 /* Main.storyboard */,
				CE300390210EE74400436224 /* Assets.xcassets */,
				CE300392210EE74400436224 /* LaunchScreen.storyboard */,
				CE300395210EE74400436224 /* Info.plist */,
			);
			path = "Basic UI";
			sourceTree = "<group>";
		};
/* End PBXGroup section */

/* Begin PBXNativeTarget section */
		CE300385210EE73D00436224 /* Basic UI */ = {
			isa = PBXNativeTarget;
			buildConfigurationList = CE300398210EE74400436224 /* Build configuration list for PBXNativeTarget "Basic UI" */;
			buildPhases = (
				CE300382210EE73D00436224 /* Sources */,
				CE300383210EE73D00436224 /* Frameworks */,
				CE300384210EE73D00436224 /* Resources */,
			);
			buildRules = (
			);
			dependencies = (
			);
			name = "Basic UI";
			productName = "Basic UI";
			productReference = CE300386210EE73D00436224 /* Basic UI.app */;
			productType = "com.apple.product-type.application";
		};
/* End PBXNativeTarget section */

/* Begin PBXProject section */
		CE30037E210EE73D00436224 /* Project object */ = {
			isa = PBXProject;
			attributes = {
				LastSwiftUpdateCheck = 0940;
				LastUpgradeCheck = 0940;
				ORGANIZATIONNAME = User;
				TargetAttributes = {
					CE300385210EE73D00436224 = {
						CreatedOnToolsVersion = 9.4.1;
					};
				};
			};
			buildConfigurationList = CE300381210EE73D00436224 /* Build configuration list for PBXProject "Basic UI" */;
			compatibilityVersion = "Xcode 9.3";
			developmentRegion = en;
			hasScannedForEncodings = 0;
			knownRegions = (
				en,
				Base,
			);
			mainGroup = CE30037D210EE73D00436224;
			productRefGroup = CE300387210EE73D00436224 /* Products */;
			projectDirPath = "";
			projectRoot = "";
			targets = (
				CE300385210EE73D00436224 /* Basic UI */,
			);
		};
/* End PBXProject section */

/* Begin PBXResourcesBuildPhase section */
		CE300384210EE73D00436224 /* Resources */ = {
			isa = PBXResourcesBuildPhase;
			buildActionMask = 2147483647;
			files = (
				CE300394210EE74400436224 /* LaunchScreen.storyboard in Resources */,
				CE300391210EE74400436224 /* Assets.xcassets in Resources */,
				CE30038F210EE73D00436224 /* Main.storyboard in Resources */,
			);
			runOnlyForDeploymentPostprocessing = 0;
		};
/* End PBXResourcesBuildPhase section */

/* Begin PBXSourcesBuildPhase section */
		CE300382210EE73D00436224 /* Sources */ = {
			isa = PBXSourcesBuildPhase;
			buildActionMask = 2147483647;
			files = (
				CE1ABB502111845800B8A97C /* Meal.swift in Sources */,
				CE30038C210EE73D00436224 /* ViewController.swift in Sources */,
				CE49209C21101F1C00932EC6 /* RatingControl.swift in Sources */,
				CE30038A210EE73D00436224 /* AppDelegate.swift in Sources */,
				CE1ABB5421118C7600B8A97C /* MealTableViewController.swift in Sources */,
				CE1ABB522111887200B8A97C /* MealTableViewCell.swift in Sources */,
			);
			runOnlyForDeploymentPostprocessing = 0;
		};
/* End PBXSourcesBuildPhase section */

/* Begin PBXVariantGroup section */
		CE30038D210EE73D00436224 /* Main.storyboard */ = {
			isa = PBXVariantGroup;
			children = (
				CE30038E210EE73D00436224 /* Base */,
			);
			name = Main.storyboard;
			sourceTree = "<group>";
		};
		CE300392210EE74400436224 /* LaunchScreen.storyboard */ = {
			isa = PBXVariantGroup;
			children = (
				CE300393210EE74400436224 /* Base */,
			);
			name = LaunchScreen.storyboard;
			sourceTree = "<group>";
		};
/* End PBXVariantGroup section */

/* Begin XCBuildConfiguration section */
		CE300396210EE74400436224 /* Debug */ = {
			isa = XCBuildConfiguration;
			buildSettings = {
				ALWAYS_SEARCH_USER_PATHS = NO;
				CLANG_ANALYZER_NONNULL = YES;
				CLANG_ANALYZER_NUMBER_OBJECT_CONVERSION = YES_AGGRESSIVE;
				CLANG_CXX_LANGUAGE_STANDARD = "gnu++14";
				CLANG_CXX_LIBRARY = "libc++";
				CLANG_ENABLE_MODULES = YES;
				CLANG_ENABLE_OBJC_ARC = YES;
				CLANG_ENABLE_OBJC_WEAK = YES;
				CLANG_WARN_BLOCK_CAPTURE_AUTORELEASING = YES;
				CLANG_WARN_BOOL_CONVERSION = YES;
				CLANG_WARN_COMMA = YES;
				CLANG_WARN_CONSTANT_CONVERSION = YES;
				CLANG_WARN_DEPRECATED_OBJC_IMPLEMENTATIONS = YES;
				CLANG_WARN_DIRECT_OBJC_ISA_USAGE = YES_ERROR;
				CLANG_WARN_DOCUMENTATION_COMMENTS = YES;
				CLANG_WARN_EMPTY_BODY = YES;
				CLANG_WARN_ENUM_CONVERSION = YES;
				CLANG_WARN_INFINITE_RECURSION = YES;
				CLANG_WARN_INT_CONVERSION = YES;
				CLANG_WARN_NON_LITERAL_NULL_CONVERSION = YES;
				CLANG_WARN_OBJC_IMPLICIT_RETAIN_SELF = YES;
				CLANG_WARN_OBJC_LITERAL_CONVERSION = YES;
				CLANG_WARN_OBJC_ROOT_CLASS = YES_ERROR;
				CLANG_WARN_RANGE_LOOP_ANALYSIS = YES;
				CLANG_WARN_STRICT_PROTOTYPES = YES;
				CLANG_WARN_SUSPICIOUS_MOVE = YES;
				CLANG_WARN_UNGUARDED_AVAILABILITY = YES_AGGRESSIVE;
				CLANG_WARN_UNREACHABLE_CODE = YES;
				CLANG_WARN__DUPLICATE_METHOD_MATCH = YES;
				CODE_SIGN_IDENTITY = "iPhone Developer";
				COPY_PHASE_STRIP = NO;
				DEBUG_INFORMATION_FORMAT = dwarf;
				ENABLE_STRICT_OBJC_MSGSEND = YES;
				ENABLE_TESTABILITY = YES;
				GCC_C_LANGUAGE_STANDARD = gnu11;
				GCC_DYNAMIC_NO_PIC = NO;
				GCC_NO_COMMON_BLOCKS = YES;
				GCC_OPTIMIZATION_LEVEL = 0;
				GCC_PREPROCESSOR_DEFINITIONS = (
					"DEBUG=1",
					"$(inherited)",
				);
				GCC_WARN_64_TO_32_BIT_CONVERSION = YES;
				GCC_WARN_ABOUT_RETURN_TYPE = YES_ERROR;
				GCC_WARN_UNDECLARED_SELECTOR = YES;
				GCC_WARN_UNINITIALIZED_AUTOS = YES_AGGRESSIVE;
				GCC_WARN_UNUSED_FUNCTION = YES;
				GCC_WARN_UNUSED_VARIABLE = YES;
				IPHONEOS_DEPLOYMENT_TARGET = 11.4;
				MTL_ENABLE_DEBUG_INFO = YES;
				ONLY_ACTIVE_ARCH = YES;
				SDKROOT = iphoneos;
				SWIFT_ACTIVE_COMPILATION_CONDITIONS = DEBUG;
				SWIFT_OPTIMIZATION_LEVEL = "-Onone";
			};
			name = Debug;
		};
		CE300397210EE74400436224 /* Release */ = {
			isa = XCBuildConfiguration;
			buildSettings = {
				ALWAYS_SEARCH_USER_PATHS = NO;
				CLANG_ANALYZER_NONNULL = YES;
				CLANG_ANALYZER_NUMBER_OBJECT_CONVERSION = YES_AGGRESSIVE;
				CLANG_CXX_LANGUAGE_STANDARD = "gnu++14";
				CLANG_CXX_LIBRARY = "libc++";
				CLANG_ENABLE_MODULES = YES;
				CLANG_ENABLE_OBJC_ARC = YES;
				CLANG_ENABLE_OBJC_WEAK = YES;
				CLANG_WARN_BLOCK_CAPTURE_AUTORELEASING = YES;
				CLANG_WARN_BOOL_CONVERSION = YES;
				CLANG_WARN_COMMA = YES;
				CLANG_WARN_CONSTANT_CONVERSION = YES;
				CLANG_WARN_DEPRECATED_OBJC_IMPLEMENTATIONS = YES;
				CLANG_WARN_DIRECT_OBJC_ISA_USAGE = YES_ERROR;
				CLANG_WARN_DOCUMENTATION_COMMENTS = YES;
				CLANG_WARN_EMPTY_BODY = YES;
				CLANG_WARN_ENUM_CONVERSION = YES;
				CLANG_WARN_INFINITE_RECURSION = YES;
				CLANG_WARN_INT_CONVERSION = YES;
				CLANG_WARN_NON_LITERAL_NULL_CONVERSION = YES;
				CLANG_WARN_OBJC_IMPLICIT_RETAIN_SELF = YES;
				CLANG_WARN_OBJC_LITERAL_CONVERSION = YES;
				CLANG_WARN_OBJC_ROOT_CLASS = YES_ERROR;
				CLANG_WARN_RANGE_LOOP_ANALYSIS = YES;
				CLANG_WARN_STRICT_PROTOTYPES = YES;
				CLANG_WARN_SUSPICIOUS_MOVE = YES;
				CLANG_WARN_UNGUARDED_AVAILABILITY = YES_AGGRESSIVE;
				CLANG_WARN_UNREACHABLE_CODE = YES;
				CLANG_WARN__DUPLICATE_METHOD_MATCH = YES;
				CODE_SIGN_IDENTITY = "iPhone Developer";
				COPY_PHASE_STRIP = NO;
				DEBUG_INFORMATION_FORMAT = "dwarf-with-dsym";
				ENABLE_NS_ASSERTIONS = NO;
				ENABLE_STRICT_OBJC_MSGSEND = YES;
				GCC_C_LANGUAGE_STANDARD = gnu11;
				GCC_NO_COMMON_BLOCKS = YES;
				GCC_WARN_64_TO_32_BIT_CONVERSION = YES;
				GCC_WARN_ABOUT_RETURN_TYPE = YES_ERROR;
				GCC_WARN_UNDECLARED_SELECTOR = YES;
				GCC_WARN_UNINITIALIZED_AUTOS = YES_AGGRESSIVE;
				GCC_WARN_UNUSED_FUNCTION = YES;
				GCC_WARN_UNUSED_VARIABLE = YES;
				IPHONEOS_DEPLOYMENT_TARGET = 11.4;
				MTL_ENABLE_DEBUG_INFO = NO;
				SDKROOT = iphoneos;
				SWIFT_COMPILATION_MODE = wholemodule;
				SWIFT_OPTIMIZATION_LEVEL = "-O";
				VALIDATE_PRODUCT = YES;
			};
			name = Release;
		};
		CE300399210EE74400436224 /* Debug */ = {
			isa = XCBuildConfiguration;
			buildSettings = {
				ASSETCATALOG_COMPILER_APPICON_NAME = AppIcon;
				CODE_SIGN_STYLE = Automatic;
				INFOPLIST_FILE = "Basic UI/Info.plist";
				LD_RUNPATH_SEARCH_PATHS = (
					"$(inherited)",
					"@executable_path/Frameworks",
				);
				PRODUCT_BUNDLE_IDENTIFIER = "rsypj.Basic-UI";
				PRODUCT_NAME = "$(TARGET_NAME)";
				SWIFT_VERSION = 4.0;
				TARGETED_DEVICE_FAMILY = "1,2";
			};
			name = Debug;
		};
		CE30039A210EE74400436224 /* Release */ = {
			isa = XCBuildConfiguration;
			buildSettings = {
				ASSETCATALOG_COMPILER_APPICON_NAME = AppIcon;
				CODE_SIGN_STYLE = Automatic;
				INFOPLIST_FILE = "Basic UI/Info.plist";
				LD_RUNPATH_SEARCH_PATHS = (
					"$(inherited)",
					"@executable_path/Frameworks",
				);
				PRODUCT_BUNDLE_IDENTIFIER = "rsypj.Basic-UI";
				PRODUCT_NAME = "$(TARGET_NAME)";
				SWIFT_VERSION = 4.0;
				TARGETED_DEVICE_FAMILY = "1,2";
			};
			name = Release;
		};
/* End XCBuildConfiguration section */

/* Begin XCConfigurationList section */
		CE300381210EE73D00436224 /* Build configuration list for PBXProject "Basic UI" */ = {
			isa = XCConfigurationList;
			buildConfigurations = (
				CE300396210EE74400436224 /* Debug */,
				CE300397210EE74400436224 /* Release */,
			);
			defaultConfigurationIsVisible = 0;
			defaultConfigurationName = Release;
		};
		CE300398210EE74400436224 /* Build configuration list for PBXNativeTarget "Basic UI" */ = {
			isa = XCConfigurationList;
			buildConfigurations = (
				CE300399210EE74400436224 /* Debug */,
				CE30039A210EE74400436224 /* Release */,
			);
			defaultConfigurationIsVisible = 0;
			defaultConfigurationName = Release;
		};
/* End XCConfigurationList section */
	};
	rootObject = CE30037E210EE73D00436224 /* Project object */;
}
